// !$*UTF8*$!
{
	archiveVersion = 1;
	classes = {
	};
	objectVersion = 55;
	objects = {

/* Begin PBXBuildFile section */
		922646C627E35BA700941721 /* BedMRPResult.swift in Sources */ = {isa = PBXBuildFile; fileRef = 922646C527E35BA700941721 /* BedMRPResult.swift */; };
		922646C827E35C6D00941721 /* BedResult.swift in Sources */ = {isa = PBXBuildFile; fileRef = 922646C727E35C6D00941721 /* BedResult.swift */; };
		922646CA27E35C7E00941721 /* ComponentResult.swift in Sources */ = {isa = PBXBuildFile; fileRef = 922646C927E35C7E00941721 /* ComponentResult.swift */; };
		923A416C27E3207C006A52E4 /* Typealiases.swift in Sources */ = {isa = PBXBuildFile; fileRef = 923A416B27E3207C006A52E4 /* Typealiases.swift */; };
		923A416E27E320A8006A52E4 /* Publisher+Ext.swift in Sources */ = {isa = PBXBuildFile; fileRef = 923A416D27E320A8006A52E4 /* Publisher+Ext.swift */; };
		923A418727E3387E006A52E4 /* WeekInput.swift in Sources */ = {isa = PBXBuildFile; fileRef = 923A418627E3387E006A52E4 /* WeekInput.swift */; };
		923A418927E34804006A52E4 /* ComponentsViewData.swift in Sources */ = {isa = PBXBuildFile; fileRef = 923A418827E34804006A52E4 /* ComponentsViewData.swift */; };
		923A418A27E34804006A52E4 /* ComponentsViewData.swift in Sources */ = {isa = PBXBuildFile; fileRef = 923A418827E34804006A52E4 /* ComponentsViewData.swift */; };
		923A418C27E3482D006A52E4 /* BedViewData.swift in Sources */ = {isa = PBXBuildFile; fileRef = 923A418B27E3482D006A52E4 /* BedViewData.swift */; };
		923A418D27E3482D006A52E4 /* BedViewData.swift in Sources */ = {isa = PBXBuildFile; fileRef = 923A418B27E3482D006A52E4 /* BedViewData.swift */; };
		923A419027E3496A006A52E4 /* ComponentType.swift in Sources */ = {isa = PBXBuildFile; fileRef = 923A418F27E3496A006A52E4 /* ComponentType.swift */; };
		923A419127E3496A006A52E4 /* ComponentType.swift in Sources */ = {isa = PBXBuildFile; fileRef = 923A418F27E3496A006A52E4 /* ComponentType.swift */; };
		925325DE27E48138005FD5EA /* CGFloat+Ext.swift in Sources */ = {isa = PBXBuildFile; fileRef = 925325DD27E48138005FD5EA /* CGFloat+Ext.swift */; };
		925325E027E4849D005FD5EA /* ComponentSection.swift in Sources */ = {isa = PBXBuildFile; fileRef = 925325DF27E4849D005FD5EA /* ComponentSection.swift */; };
		925325E227E484E8005FD5EA /* String+Ext.swift in Sources */ = {isa = PBXBuildFile; fileRef = 925325E127E484E8005FD5EA /* String+Ext.swift */; };
		925325E427E48680005FD5EA /* EmbedInNavigationView.swift in Sources */ = {isa = PBXBuildFile; fileRef = 925325E327E4867F005FD5EA /* EmbedInNavigationView.swift */; };
		925325E627E486E3005FD5EA /* Toolbar.swift in Sources */ = {isa = PBXBuildFile; fileRef = 925325E527E486E3005FD5EA /* Toolbar.swift */; };
		925325E927E488F5005FD5EA /* CalculateButton.swift in Sources */ = {isa = PBXBuildFile; fileRef = 925325E827E488F5005FD5EA /* CalculateButton.swift */; };
		9254374A27E2858E001D39F0 /* APIRequest.swift in Sources */ = {isa = PBXBuildFile; fileRef = 9254374927E2858E001D39F0 /* APIRequest.swift */; };
		9254374B27E2858E001D39F0 /* APIRequest.swift in Sources */ = {isa = PBXBuildFile; fileRef = 9254374927E2858E001D39F0 /* APIRequest.swift */; };
		92E46F3C27E2989400F362AE /* GetBedMRPRequest.swift in Sources */ = {isa = PBXBuildFile; fileRef = 92E46F3B27E2989400F362AE /* GetBedMRPRequest.swift */; };
		92E46F3D27E2989400F362AE /* GetBedMRPRequest.swift in Sources */ = {isa = PBXBuildFile; fileRef = 92E46F3B27E2989400F362AE /* GetBedMRPRequest.swift */; };
		92E46F3F27E29FC800F362AE /* Encodable+Ext.swift in Sources */ = {isa = PBXBuildFile; fileRef = 92E46F3E27E29FC800F362AE /* Encodable+Ext.swift */; };
		92E46F4027E29FC800F362AE /* Encodable+Ext.swift in Sources */ = {isa = PBXBuildFile; fileRef = 92E46F3E27E29FC800F362AE /* Encodable+Ext.swift */; };
		92E46F4227E29FE400F362AE /* URLRequest+Ext.swift in Sources */ = {isa = PBXBuildFile; fileRef = 92E46F4127E29FE400F362AE /* URLRequest+Ext.swift */; };
		92E46F4327E29FE400F362AE /* URLRequest+Ext.swift in Sources */ = {isa = PBXBuildFile; fileRef = 92E46F4127E29FE400F362AE /* URLRequest+Ext.swift */; };
		92E46F4527E2A01600F362AE /* APIServiceProtocol.swift in Sources */ = {isa = PBXBuildFile; fileRef = 92E46F4427E2A01600F362AE /* APIServiceProtocol.swift */; };
		92E46F4627E2A01600F362AE /* APIServiceProtocol.swift in Sources */ = {isa = PBXBuildFile; fileRef = 92E46F4427E2A01600F362AE /* APIServiceProtocol.swift */; };
		92E46F4927E2A06400F362AE /* HttpMethod.swift in Sources */ = {isa = PBXBuildFile; fileRef = 92E46F4827E2A06400F362AE /* HttpMethod.swift */; };
		92E46F4A27E2A06400F362AE /* HttpMethod.swift in Sources */ = {isa = PBXBuildFile; fileRef = 92E46F4827E2A06400F362AE /* HttpMethod.swift */; };
		92EF3A5927E23034003A3D0C /* BedMRPModel.swift in Sources */ = {isa = PBXBuildFile; fileRef = 92EF3A5827E23034003A3D0C /* BedMRPModel.swift */; };
		92EF3A5A27E23034003A3D0C /* BedMRPModel.swift in Sources */ = {isa = PBXBuildFile; fileRef = 92EF3A5827E23034003A3D0C /* BedMRPModel.swift */; };
		92EF3A5C27E2314F003A3D0C /* BedModel.swift in Sources */ = {isa = PBXBuildFile; fileRef = 92EF3A5B27E2314F003A3D0C /* BedModel.swift */; };
		92EF3A5D27E2314F003A3D0C /* BedModel.swift in Sources */ = {isa = PBXBuildFile; fileRef = 92EF3A5B27E2314F003A3D0C /* BedModel.swift */; };
		92EF3A5F27E23168003A3D0C /* ComponentModel.swift in Sources */ = {isa = PBXBuildFile; fileRef = 92EF3A5E27E23168003A3D0C /* ComponentModel.swift */; };
		92EF3A6027E23168003A3D0C /* ComponentModel.swift in Sources */ = {isa = PBXBuildFile; fileRef = 92EF3A5E27E23168003A3D0C /* ComponentModel.swift */; };
		92EF3A6427E23252003A3D0C /* APIService.swift in Sources */ = {isa = PBXBuildFile; fileRef = 92EF3A6327E23252003A3D0C /* APIService.swift */; };
		92EF3A6527E23252003A3D0C /* APIService.swift in Sources */ = {isa = PBXBuildFile; fileRef = 92EF3A6327E23252003A3D0C /* APIService.swift */; };
		92EF3A6727E2328F003A3D0C /* BedMRPService.swift in Sources */ = {isa = PBXBuildFile; fileRef = 92EF3A6627E2328F003A3D0C /* BedMRPService.swift */; };
		92EF3A6827E2328F003A3D0C /* BedMRPService.swift in Sources */ = {isa = PBXBuildFile; fileRef = 92EF3A6627E2328F003A3D0C /* BedMRPService.swift */; };
		92FE635827DFB4EF00C8DC50 /* MRPProjectApp.swift in Sources */ = {isa = PBXBuildFile; fileRef = 92FE634827DFB4EF00C8DC50 /* MRPProjectApp.swift */; };
		92FE635927DFB4EF00C8DC50 /* MRPProjectApp.swift in Sources */ = {isa = PBXBuildFile; fileRef = 92FE634827DFB4EF00C8DC50 /* MRPProjectApp.swift */; };
		92FE635A27DFB4EF00C8DC50 /* ComponentsView.swift in Sources */ = {isa = PBXBuildFile; fileRef = 92FE634927DFB4EF00C8DC50 /* ComponentsView.swift */; };
		92FE635B27DFB4EF00C8DC50 /* ComponentsView.swift in Sources */ = {isa = PBXBuildFile; fileRef = 92FE634927DFB4EF00C8DC50 /* ComponentsView.swift */; };
		92FE635C27DFB4EF00C8DC50 /* Assets.xcassets in Resources */ = {isa = PBXBuildFile; fileRef = 92FE634A27DFB4EF00C8DC50 /* Assets.xcassets */; };
		92FE635D27DFB4EF00C8DC50 /* Assets.xcassets in Resources */ = {isa = PBXBuildFile; fileRef = 92FE634A27DFB4EF00C8DC50 /* Assets.xcassets */; };
		92FE636727DFB92C00C8DC50 /* DashboardView.swift in Sources */ = {isa = PBXBuildFile; fileRef = 92FE636627DFB92C00C8DC50 /* DashboardView.swift */; };
		92FE636827DFB92C00C8DC50 /* DashboardView.swift in Sources */ = {isa = PBXBuildFile; fileRef = 92FE636627DFB92C00C8DC50 /* DashboardView.swift */; };
		92FE636A27DFBB5000C8DC50 /* TextInput.swift in Sources */ = {isa = PBXBuildFile; fileRef = 92FE636927DFBB5000C8DC50 /* TextInput.swift */; };
		92FE636B27DFBB5000C8DC50 /* TextInput.swift in Sources */ = {isa = PBXBuildFile; fileRef = 92FE636927DFBB5000C8DC50 /* TextInput.swift */; };
		92FE636D27DFC07500C8DC50 /* MainButtonStyle.swift in Sources */ = {isa = PBXBuildFile; fileRef = 92FE636C27DFC07500C8DC50 /* MainButtonStyle.swift */; };
		92FE636E27DFC07500C8DC50 /* MainButtonStyle.swift in Sources */ = {isa = PBXBuildFile; fileRef = 92FE636C27DFC07500C8DC50 /* MainButtonStyle.swift */; };
		92FE637027DFC1E800C8DC50 /* ResultView.swift in Sources */ = {isa = PBXBuildFile; fileRef = 92FE636F27DFC1E800C8DC50 /* ResultView.swift */; };
		92FE637127DFC1E800C8DC50 /* ResultView.swift in Sources */ = {isa = PBXBuildFile; fileRef = 92FE636F27DFC1E800C8DC50 /* ResultView.swift */; };
		92FE637427DFC5FC00C8DC50 /* DashboardVM.swift in Sources */ = {isa = PBXBuildFile; fileRef = 92FE637327DFC5FC00C8DC50 /* DashboardVM.swift */; };
		92FE637527DFC5FC00C8DC50 /* DashboardVM.swift in Sources */ = {isa = PBXBuildFile; fileRef = 92FE637327DFC5FC00C8DC50 /* DashboardVM.swift */; };
		92FE637C27DFC76D00C8DC50 /* ComponentViewData.swift in Sources */ = {isa = PBXBuildFile; fileRef = 92FE637B27DFC76D00C8DC50 /* ComponentViewData.swift */; };
		92FE637D27DFC76D00C8DC50 /* ComponentViewData.swift in Sources */ = {isa = PBXBuildFile; fileRef = 92FE637B27DFC76D00C8DC50 /* ComponentViewData.swift */; };
		92FE637F27DFCB9300C8DC50 /* WeekData.swift in Sources */ = {isa = PBXBuildFile; fileRef = 92FE637E27DFCB9300C8DC50 /* WeekData.swift */; };
		92FE638027DFCB9300C8DC50 /* WeekData.swift in Sources */ = {isa = PBXBuildFile; fileRef = 92FE637E27DFCB9300C8DC50 /* WeekData.swift */; };
		92FE638327DFCE1D00C8DC50 /* View+Ext.swift in Sources */ = {isa = PBXBuildFile; fileRef = 92FE638227DFCE1D00C8DC50 /* View+Ext.swift */; };
		92FE638427DFCE1D00C8DC50 /* View+Ext.swift in Sources */ = {isa = PBXBuildFile; fileRef = 92FE638227DFCE1D00C8DC50 /* View+Ext.swift */; };
		92FF169727E123EF00CFDD05 /* CellView.swift in Sources */ = {isa = PBXBuildFile; fileRef = 92FF169627E123EF00CFDD05 /* CellView.swift */; };
		92FF169827E123EF00CFDD05 /* CellView.swift in Sources */ = {isa = PBXBuildFile; fileRef = 92FF169627E123EF00CFDD05 /* CellView.swift */; };
		92FF169A27E1249B00CFDD05 /* Table.swift in Sources */ = {isa = PBXBuildFile; fileRef = 92FF169927E1249B00CFDD05 /* Table.swift */; };
		92FF169B27E1249B00CFDD05 /* Table.swift in Sources */ = {isa = PBXBuildFile; fileRef = 92FF169927E1249B00CFDD05 /* Table.swift */; };
		92FF169D27E124C900CFDD05 /* TableItem.swift in Sources */ = {isa = PBXBuildFile; fileRef = 92FF169C27E124C900CFDD05 /* TableItem.swift */; };
		92FF169E27E124C900CFDD05 /* TableItem.swift in Sources */ = {isa = PBXBuildFile; fileRef = 92FF169C27E124C900CFDD05 /* TableItem.swift */; };
		92FF16A327E1255200CFDD05 /* ResultTableView.swift in Sources */ = {isa = PBXBuildFile; fileRef = 92FF16A227E1255200CFDD05 /* ResultTableView.swift */; };
		92FF16A427E1255200CFDD05 /* ResultTableView.swift in Sources */ = {isa = PBXBuildFile; fileRef = 92FF16A227E1255200CFDD05 /* ResultTableView.swift */; };
		92FF16A727E12B1800CFDD05 /* TableValue.swift in Sources */ = {isa = PBXBuildFile; fileRef = 92FF16A627E12B1800CFDD05 /* TableValue.swift */; };
		92FF16A827E12B1800CFDD05 /* TableValue.swift in Sources */ = {isa = PBXBuildFile; fileRef = 92FF16A627E12B1800CFDD05 /* TableValue.swift */; };
/* End PBXBuildFile section */

/* Begin PBXFileReference section */
		922646C527E35BA700941721 /* BedMRPResult.swift */ = {isa = PBXFileReference; lastKnownFileType = sourcecode.swift; path = BedMRPResult.swift; sourceTree = "<group>"; };
		922646C727E35C6D00941721 /* BedResult.swift */ = {isa = PBXFileReference; lastKnownFileType = sourcecode.swift; path = BedResult.swift; sourceTree = "<group>"; };
		922646C927E35C7E00941721 /* ComponentResult.swift */ = {isa = PBXFileReference; lastKnownFileType = sourcecode.swift; path = ComponentResult.swift; sourceTree = "<group>"; };
		923A416B27E3207C006A52E4 /* Typealiases.swift */ = {isa = PBXFileReference; lastKnownFileType = sourcecode.swift; path = Typealiases.swift; sourceTree = "<group>"; };
		923A416D27E320A8006A52E4 /* Publisher+Ext.swift */ = {isa = PBXFileReference; lastKnownFileType = sourcecode.swift; path = "Publisher+Ext.swift"; sourceTree = "<group>"; };
		923A418627E3387E006A52E4 /* WeekInput.swift */ = {isa = PBXFileReference; lastKnownFileType = sourcecode.swift; path = WeekInput.swift; sourceTree = "<group>"; };
		923A418827E34804006A52E4 /* ComponentsViewData.swift */ = {isa = PBXFileReference; lastKnownFileType = sourcecode.swift; path = ComponentsViewData.swift; sourceTree = "<group>"; };
		923A418B27E3482D006A52E4 /* BedViewData.swift */ = {isa = PBXFileReference; lastKnownFileType = sourcecode.swift; path = BedViewData.swift; sourceTree = "<group>"; };
		923A418F27E3496A006A52E4 /* ComponentType.swift */ = {isa = PBXFileReference; lastKnownFileType = sourcecode.swift; path = ComponentType.swift; sourceTree = "<group>"; };
		925325DD27E48138005FD5EA /* CGFloat+Ext.swift */ = {isa = PBXFileReference; lastKnownFileType = sourcecode.swift; path = "CGFloat+Ext.swift"; sourceTree = "<group>"; };
		925325DF27E4849D005FD5EA /* ComponentSection.swift */ = {isa = PBXFileReference; lastKnownFileType = sourcecode.swift; path = ComponentSection.swift; sourceTree = "<group>"; };
		925325E127E484E8005FD5EA /* String+Ext.swift */ = {isa = PBXFileReference; lastKnownFileType = sourcecode.swift; path = "String+Ext.swift"; sourceTree = "<group>"; };
		925325E327E4867F005FD5EA /* EmbedInNavigationView.swift */ = {isa = PBXFileReference; lastKnownFileType = sourcecode.swift; path = EmbedInNavigationView.swift; sourceTree = "<group>"; };
		925325E527E486E3005FD5EA /* Toolbar.swift */ = {isa = PBXFileReference; lastKnownFileType = sourcecode.swift; path = Toolbar.swift; sourceTree = "<group>"; };
		925325E827E488F5005FD5EA /* CalculateButton.swift */ = {isa = PBXFileReference; lastKnownFileType = sourcecode.swift; path = CalculateButton.swift; sourceTree = "<group>"; };
		9254374927E2858E001D39F0 /* APIRequest.swift */ = {isa = PBXFileReference; lastKnownFileType = sourcecode.swift; path = APIRequest.swift; sourceTree = "<group>"; };
		92E46F3B27E2989400F362AE /* GetBedMRPRequest.swift */ = {isa = PBXFileReference; lastKnownFileType = sourcecode.swift; path = GetBedMRPRequest.swift; sourceTree = "<group>"; };
		92E46F3E27E29FC800F362AE /* Encodable+Ext.swift */ = {isa = PBXFileReference; lastKnownFileType = sourcecode.swift; path = "Encodable+Ext.swift"; sourceTree = "<group>"; };
		92E46F4127E29FE400F362AE /* URLRequest+Ext.swift */ = {isa = PBXFileReference; lastKnownFileType = sourcecode.swift; path = "URLRequest+Ext.swift"; sourceTree = "<group>"; };
		92E46F4427E2A01600F362AE /* APIServiceProtocol.swift */ = {isa = PBXFileReference; lastKnownFileType = sourcecode.swift; path = APIServiceProtocol.swift; sourceTree = "<group>"; };
		92E46F4827E2A06400F362AE /* HttpMethod.swift */ = {isa = PBXFileReference; lastKnownFileType = sourcecode.swift; path = HttpMethod.swift; sourceTree = "<group>"; };
		92EF3A5827E23034003A3D0C /* BedMRPModel.swift */ = {isa = PBXFileReference; lastKnownFileType = sourcecode.swift; path = BedMRPModel.swift; sourceTree = "<group>"; };
		92EF3A5B27E2314F003A3D0C /* BedModel.swift */ = {isa = PBXFileReference; lastKnownFileType = sourcecode.swift; path = BedModel.swift; sourceTree = "<group>"; };
		92EF3A5E27E23168003A3D0C /* ComponentModel.swift */ = {isa = PBXFileReference; lastKnownFileType = sourcecode.swift; path = ComponentModel.swift; sourceTree = "<group>"; };
		92EF3A6327E23252003A3D0C /* APIService.swift */ = {isa = PBXFileReference; lastKnownFileType = sourcecode.swift; path = APIService.swift; sourceTree = "<group>"; };
		92EF3A6627E2328F003A3D0C /* BedMRPService.swift */ = {isa = PBXFileReference; lastKnownFileType = sourcecode.swift; path = BedMRPService.swift; sourceTree = "<group>"; };
		92FE634827DFB4EF00C8DC50 /* MRPProjectApp.swift */ = {isa = PBXFileReference; lastKnownFileType = sourcecode.swift; path = MRPProjectApp.swift; sourceTree = "<group>"; };
		92FE634927DFB4EF00C8DC50 /* ComponentsView.swift */ = {isa = PBXFileReference; lastKnownFileType = sourcecode.swift; path = ComponentsView.swift; sourceTree = "<group>"; };
		92FE634A27DFB4EF00C8DC50 /* Assets.xcassets */ = {isa = PBXFileReference; lastKnownFileType = folder.assetcatalog; path = Assets.xcassets; sourceTree = "<group>"; };
		92FE634F27DFB4EF00C8DC50 /* MRPProject.app */ = {isa = PBXFileReference; explicitFileType = wrapper.application; includeInIndex = 0; path = MRPProject.app; sourceTree = BUILT_PRODUCTS_DIR; };
		92FE635527DFB4EF00C8DC50 /* MRPProject.app */ = {isa = PBXFileReference; explicitFileType = wrapper.application; includeInIndex = 0; path = MRPProject.app; sourceTree = BUILT_PRODUCTS_DIR; };
		92FE635727DFB4EF00C8DC50 /* macOS.entitlements */ = {isa = PBXFileReference; lastKnownFileType = text.plist.entitlements; path = macOS.entitlements; sourceTree = "<group>"; };
		92FE636627DFB92C00C8DC50 /* DashboardView.swift */ = {isa = PBXFileReference; lastKnownFileType = sourcecode.swift; path = DashboardView.swift; sourceTree = "<group>"; };
		92FE636927DFBB5000C8DC50 /* TextInput.swift */ = {isa = PBXFileReference; lastKnownFileType = sourcecode.swift; path = TextInput.swift; sourceTree = "<group>"; };
		92FE636C27DFC07500C8DC50 /* MainButtonStyle.swift */ = {isa = PBXFileReference; lastKnownFileType = sourcecode.swift; path = MainButtonStyle.swift; sourceTree = "<group>"; };
		92FE636F27DFC1E800C8DC50 /* ResultView.swift */ = {isa = PBXFileReference; lastKnownFileType = sourcecode.swift; path = ResultView.swift; sourceTree = "<group>"; };
		92FE637327DFC5FC00C8DC50 /* DashboardVM.swift */ = {isa = PBXFileReference; lastKnownFileType = sourcecode.swift; path = DashboardVM.swift; sourceTree = "<group>"; };
		92FE637B27DFC76D00C8DC50 /* ComponentViewData.swift */ = {isa = PBXFileReference; lastKnownFileType = sourcecode.swift; path = ComponentViewData.swift; sourceTree = "<group>"; };
		92FE637E27DFCB9300C8DC50 /* WeekData.swift */ = {isa = PBXFileReference; lastKnownFileType = sourcecode.swift; path = WeekData.swift; sourceTree = "<group>"; };
		92FE638227DFCE1D00C8DC50 /* View+Ext.swift */ = {isa = PBXFileReference; lastKnownFileType = sourcecode.swift; path = "View+Ext.swift"; sourceTree = "<group>"; };
		92FF169627E123EF00CFDD05 /* CellView.swift */ = {isa = PBXFileReference; lastKnownFileType = sourcecode.swift; path = CellView.swift; sourceTree = "<group>"; };
		92FF169927E1249B00CFDD05 /* Table.swift */ = {isa = PBXFileReference; lastKnownFileType = sourcecode.swift; path = Table.swift; sourceTree = "<group>"; };
		92FF169C27E124C900CFDD05 /* TableItem.swift */ = {isa = PBXFileReference; lastKnownFileType = sourcecode.swift; path = TableItem.swift; sourceTree = "<group>"; };
		92FF16A227E1255200CFDD05 /* ResultTableView.swift */ = {isa = PBXFileReference; lastKnownFileType = sourcecode.swift; path = ResultTableView.swift; sourceTree = "<group>"; };
		92FF16A627E12B1800CFDD05 /* TableValue.swift */ = {isa = PBXFileReference; lastKnownFileType = sourcecode.swift; path = TableValue.swift; sourceTree = "<group>"; };
/* End PBXFileReference section */

/* Begin PBXFrameworksBuildPhase section */
		92FE634C27DFB4EF00C8DC50 /* Frameworks */ = {
			isa = PBXFrameworksBuildPhase;
			buildActionMask = 2147483647;
			files = (
			);
			runOnlyForDeploymentPostprocessing = 0;
		};
		92FE635227DFB4EF00C8DC50 /* Frameworks */ = {
			isa = PBXFrameworksBuildPhase;
			buildActionMask = 2147483647;
			files = (
			);
			runOnlyForDeploymentPostprocessing = 0;
		};
/* End PBXFrameworksBuildPhase section */

/* Begin PBXGroup section */
		922646C427E35B9200941721 /* BedMRPResult */ = {
			isa = PBXGroup;
			children = (
				922646C527E35BA700941721 /* BedMRPResult.swift */,
				922646C727E35C6D00941721 /* BedResult.swift */,
				922646C927E35C7E00941721 /* ComponentResult.swift */,
			);
			path = BedMRPResult;
			sourceTree = "<group>";
		};
		923A416A27E3205C006A52E4 /* Shared */ = {
			isa = PBXGroup;
			children = (
				92FE638127DFCE1300C8DC50 /* Extensions */,
				923A416B27E3207C006A52E4 /* Typealiases.swift */,
			);
			path = Shared;
			sourceTree = "<group>";
		};
		923A418E27E3484D006A52E4 /* ViewData */ = {
			isa = PBXGroup;
			children = (
				92FE637B27DFC76D00C8DC50 /* ComponentViewData.swift */,
				923A418F27E3496A006A52E4 /* ComponentType.swift */,
				923A418827E34804006A52E4 /* ComponentsViewData.swift */,
				923A418B27E3482D006A52E4 /* BedViewData.swift */,
			);
			path = ViewData;
			sourceTree = "<group>";
		};
		925325E727E487AD005FD5EA /* Scenes */ = {
			isa = PBXGroup;
			children = (
				925325EB27E48A60005FD5EA /* ResultView */,
				92FE637227DFC5EA00C8DC50 /* Dashboard */,
				92FE637727DFC72C00C8DC50 /* ComponentsView */,
			);
			path = Scenes;
			sourceTree = "<group>";
		};
		925325EA27E48A37005FD5EA /* View */ = {
			isa = PBXGroup;
			children = (
				92FE636627DFB92C00C8DC50 /* DashboardView.swift */,
				925325E827E488F5005FD5EA /* CalculateButton.swift */,
			);
			path = View;
			sourceTree = "<group>";
		};
		925325EB27E48A60005FD5EA /* ResultView */ = {
			isa = PBXGroup;
			children = (
				92FE636F27DFC1E800C8DC50 /* ResultView.swift */,
				92FF16A227E1255200CFDD05 /* ResultTableView.swift */,
				92FF16A527E12B0900CFDD05 /* TableModels */,
			);
			path = ResultView;
			sourceTree = "<group>";
		};
		92E46F4727E2A05500F362AE /* Helpers */ = {
			isa = PBXGroup;
			children = (
				9254374927E2858E001D39F0 /* APIRequest.swift */,
				92E46F4827E2A06400F362AE /* HttpMethod.swift */,
			);
			path = Helpers;
			sourceTree = "<group>";
		};
		92E46F4B27E2A08600F362AE /* APIService */ = {
			isa = PBXGroup;
			children = (
				92EF3A6327E23252003A3D0C /* APIService.swift */,
				92E46F4427E2A01600F362AE /* APIServiceProtocol.swift */,
			);
			path = APIService;
			sourceTree = "<group>";
		};
		92E46F4C27E2A09C00F362AE /* Services */ = {
			isa = PBXGroup;
			children = (
				92EF3A6627E2328F003A3D0C /* BedMRPService.swift */,
			);
			path = Services;
			sourceTree = "<group>";
		};
		92E46F4D27E2A1D900F362AE /* BedMRPRequest */ = {
			isa = PBXGroup;
			children = (
				92E46F3B27E2989400F362AE /* GetBedMRPRequest.swift */,
				92EF3A6227E231D8003A3D0C /* Models */,
			);
			path = BedMRPRequest;
			sourceTree = "<group>";
		};
		92EF3A6127E231D1003A3D0C /* API */ = {
			isa = PBXGroup;
			children = (
				922646C427E35B9200941721 /* BedMRPResult */,
				92E46F4D27E2A1D900F362AE /* BedMRPRequest */,
				92E46F4B27E2A08600F362AE /* APIService */,
				92E46F4727E2A05500F362AE /* Helpers */,
				92E46F4C27E2A09C00F362AE /* Services */,
			);
			path = API;
			sourceTree = "<group>";
		};
		92EF3A6227E231D8003A3D0C /* Models */ = {
			isa = PBXGroup;
			children = (
				92EF3A5827E23034003A3D0C /* BedMRPModel.swift */,
				92EF3A5B27E2314F003A3D0C /* BedModel.swift */,
				92EF3A5E27E23168003A3D0C /* ComponentModel.swift */,
			);
			path = Models;
			sourceTree = "<group>";
		};
		92FE634227DFB4EF00C8DC50 = {
			isa = PBXGroup;
			children = (
				92FE634727DFB4EF00C8DC50 /* Shared */,
				92FE635627DFB4EF00C8DC50 /* macOS */,
				92FE635027DFB4EF00C8DC50 /* Products */,
			);
			sourceTree = "<group>";
		};
		92FE634727DFB4EF00C8DC50 /* Shared */ = {
			isa = PBXGroup;
			children = (
				92FE634827DFB4EF00C8DC50 /* MRPProjectApp.swift */,
				92EF3A6127E231D1003A3D0C /* API */,
				923A416A27E3205C006A52E4 /* Shared */,
				925325E727E487AD005FD5EA /* Scenes */,
				92FE637627DFC6CE00C8DC50 /* ViewComponents */,
				92FE634A27DFB4EF00C8DC50 /* Assets.xcassets */,
			);
			path = Shared;
			sourceTree = "<group>";
		};
		92FE635027DFB4EF00C8DC50 /* Products */ = {
			isa = PBXGroup;
			children = (
				92FE634F27DFB4EF00C8DC50 /* MRPProject.app */,
				92FE635527DFB4EF00C8DC50 /* MRPProject.app */,
			);
			name = Products;
			sourceTree = "<group>";
		};
		92FE635627DFB4EF00C8DC50 /* macOS */ = {
			isa = PBXGroup;
			children = (
				92FE635727DFB4EF00C8DC50 /* macOS.entitlements */,
			);
			path = macOS;
			sourceTree = "<group>";
		};
		92FE637227DFC5EA00C8DC50 /* Dashboard */ = {
			isa = PBXGroup;
			children = (
				92FE637327DFC5FC00C8DC50 /* DashboardVM.swift */,
				92FE637E27DFCB9300C8DC50 /* WeekData.swift */,
				925325EA27E48A37005FD5EA /* View */,
			);
			path = Dashboard;
			sourceTree = "<group>";
		};
		92FE637627DFC6CE00C8DC50 /* ViewComponents */ = {
			isa = PBXGroup;
			children = (
				925325E327E4867F005FD5EA /* EmbedInNavigationView.swift */,
				925325E527E486E3005FD5EA /* Toolbar.swift */,
				92FE636C27DFC07500C8DC50 /* MainButtonStyle.swift */,
				92FE636927DFBB5000C8DC50 /* TextInput.swift */,
				923A418627E3387E006A52E4 /* WeekInput.swift */,
				92FF169627E123EF00CFDD05 /* CellView.swift */,
			);
			path = ViewComponents;
			sourceTree = "<group>";
		};
		92FE637727DFC72C00C8DC50 /* ComponentsView */ = {
			isa = PBXGroup;
			children = (
				92FE634927DFB4EF00C8DC50 /* ComponentsView.swift */,
				925325DF27E4849D005FD5EA /* ComponentSection.swift */,
				923A418E27E3484D006A52E4 /* ViewData */,
			);
			path = ComponentsView;
			sourceTree = "<group>";
		};
		92FE638127DFCE1300C8DC50 /* Extensions */ = {
			isa = PBXGroup;
			children = (
				92FE638227DFCE1D00C8DC50 /* View+Ext.swift */,
				92E46F3E27E29FC800F362AE /* Encodable+Ext.swift */,
				92E46F4127E29FE400F362AE /* URLRequest+Ext.swift */,
				923A416D27E320A8006A52E4 /* Publisher+Ext.swift */,
				925325DD27E48138005FD5EA /* CGFloat+Ext.swift */,
				925325E127E484E8005FD5EA /* String+Ext.swift */,
			);
			path = Extensions;
			sourceTree = "<group>";
		};
		92FF16A527E12B0900CFDD05 /* TableModels */ = {
			isa = PBXGroup;
			children = (
				92FF169927E1249B00CFDD05 /* Table.swift */,
				92FF169C27E124C900CFDD05 /* TableItem.swift */,
				92FF16A627E12B1800CFDD05 /* TableValue.swift */,
			);
			path = TableModels;
			sourceTree = "<group>";
		};
/* End PBXGroup section */

/* Begin PBXNativeTarget section */
		92FE634E27DFB4EF00C8DC50 /* MRPProject (iOS) */ = {
			isa = PBXNativeTarget;
			buildConfigurationList = 92FE636027DFB4EF00C8DC50 /* Build configuration list for PBXNativeTarget "MRPProject (iOS)" */;
			buildPhases = (
				92FE634B27DFB4EF00C8DC50 /* Sources */,
				92FE634C27DFB4EF00C8DC50 /* Frameworks */,
				92FE634D27DFB4EF00C8DC50 /* Resources */,
			);
			buildRules = (
			);
			dependencies = (
			);
			name = "MRPProject (iOS)";
			productName = "MRPProject (iOS)";
			productReference = 92FE634F27DFB4EF00C8DC50 /* MRPProject.app */;
			productType = "com.apple.product-type.application";
		};
		92FE635427DFB4EF00C8DC50 /* MRPProject (macOS) */ = {
			isa = PBXNativeTarget;
			buildConfigurationList = 92FE636327DFB4EF00C8DC50 /* Build configuration list for PBXNativeTarget "MRPProject (macOS)" */;
			buildPhases = (
				92FE635127DFB4EF00C8DC50 /* Sources */,
				92FE635227DFB4EF00C8DC50 /* Frameworks */,
				92FE635327DFB4EF00C8DC50 /* Resources */,
			);
			buildRules = (
			);
			dependencies = (
			);
			name = "MRPProject (macOS)";
			productName = "MRPProject (macOS)";
			productReference = 92FE635527DFB4EF00C8DC50 /* MRPProject.app */;
			productType = "com.apple.product-type.application";
		};
/* End PBXNativeTarget section */

/* Begin PBXProject section */
		92FE634327DFB4EF00C8DC50 /* Project object */ = {
			isa = PBXProject;
			attributes = {
				BuildIndependentTargetsInParallel = 1;
				LastSwiftUpdateCheck = 1320;
				LastUpgradeCheck = 1320;
				TargetAttributes = {
					92FE634E27DFB4EF00C8DC50 = {
						CreatedOnToolsVersion = 13.2.1;
					};
					92FE635427DFB4EF00C8DC50 = {
						CreatedOnToolsVersion = 13.2.1;
					};
				};
			};
			buildConfigurationList = 92FE634627DFB4EF00C8DC50 /* Build configuration list for PBXProject "MRPProject" */;
			compatibilityVersion = "Xcode 13.0";
			developmentRegion = en;
			hasScannedForEncodings = 0;
			knownRegions = (
				en,
				Base,
			);
			mainGroup = 92FE634227DFB4EF00C8DC50;
			productRefGroup = 92FE635027DFB4EF00C8DC50 /* Products */;
			projectDirPath = "";
			projectRoot = "";
			targets = (
				92FE634E27DFB4EF00C8DC50 /* MRPProject (iOS) */,
				92FE635427DFB4EF00C8DC50 /* MRPProject (macOS) */,
			);
		};
/* End PBXProject section */

/* Begin PBXResourcesBuildPhase section */
		92FE634D27DFB4EF00C8DC50 /* Resources */ = {
			isa = PBXResourcesBuildPhase;
			buildActionMask = 2147483647;
			files = (
				92FE635C27DFB4EF00C8DC50 /* Assets.xcassets in Resources */,
			);
			runOnlyForDeploymentPostprocessing = 0;
		};
		92FE635327DFB4EF00C8DC50 /* Resources */ = {
			isa = PBXResourcesBuildPhase;
			buildActionMask = 2147483647;
			files = (
				92FE635D27DFB4EF00C8DC50 /* Assets.xcassets in Resources */,
			);
			runOnlyForDeploymentPostprocessing = 0;
		};
/* End PBXResourcesBuildPhase section */

/* Begin PBXSourcesBuildPhase section */
		92FE634B27DFB4EF00C8DC50 /* Sources */ = {
			isa = PBXSourcesBuildPhase;
			buildActionMask = 2147483647;
			files = (
				922646C827E35C6D00941721 /* BedResult.swift in Sources */,
				923A419027E3496A006A52E4 /* ComponentType.swift in Sources */,
				92FF16A727E12B1800CFDD05 /* TableValue.swift in Sources */,
				925325E227E484E8005FD5EA /* String+Ext.swift in Sources */,
				92FE637F27DFCB9300C8DC50 /* WeekData.swift in Sources */,
				92FE636D27DFC07500C8DC50 /* MainButtonStyle.swift in Sources */,
				92FF16A327E1255200CFDD05 /* ResultTableView.swift in Sources */,
				92FE637C27DFC76D00C8DC50 /* ComponentViewData.swift in Sources */,
				925325E927E488F5005FD5EA /* CalculateButton.swift in Sources */,
				925325DE27E48138005FD5EA /* CGFloat+Ext.swift in Sources */,
				923A416E27E320A8006A52E4 /* Publisher+Ext.swift in Sources */,
				92E46F3C27E2989400F362AE /* GetBedMRPRequest.swift in Sources */,
				92FF169D27E124C900CFDD05 /* TableItem.swift in Sources */,
				92EF3A6427E23252003A3D0C /* APIService.swift in Sources */,
				92E46F4227E29FE400F362AE /* URLRequest+Ext.swift in Sources */,
				92FE635A27DFB4EF00C8DC50 /* ComponentsView.swift in Sources */,
				922646C627E35BA700941721 /* BedMRPResult.swift in Sources */,
				92EF3A6727E2328F003A3D0C /* BedMRPService.swift in Sources */,
				923A418C27E3482D006A52E4 /* BedViewData.swift in Sources */,
				92FE636727DFB92C00C8DC50 /* DashboardView.swift in Sources */,
				92FE635827DFB4EF00C8DC50 /* MRPProjectApp.swift in Sources */,
				92FE636A27DFBB5000C8DC50 /* TextInput.swift in Sources */,
				92FE638327DFCE1D00C8DC50 /* View+Ext.swift in Sources */,
				92FF169727E123EF00CFDD05 /* CellView.swift in Sources */,
				923A418727E3387E006A52E4 /* WeekInput.swift in Sources */,
				923A416C27E3207C006A52E4 /* Typealiases.swift in Sources */,
				92E46F4527E2A01600F362AE /* APIServiceProtocol.swift in Sources */,
				92E46F3F27E29FC800F362AE /* Encodable+Ext.swift in Sources */,
				923A418927E34804006A52E4 /* ComponentsViewData.swift in Sources */,
				925325E027E4849D005FD5EA /* ComponentSection.swift in Sources */,
				922646CA27E35C7E00941721 /* ComponentResult.swift in Sources */,
				92FF169A27E1249B00CFDD05 /* Table.swift in Sources */,
				92EF3A5927E23034003A3D0C /* BedMRPModel.swift in Sources */,
				92FE637027DFC1E800C8DC50 /* ResultView.swift in Sources */,
				92EF3A5C27E2314F003A3D0C /* BedModel.swift in Sources */,
				92E46F4927E2A06400F362AE /* HttpMethod.swift in Sources */,
				9254374A27E2858E001D39F0 /* APIRequest.swift in Sources */,
				925325E427E48680005FD5EA /* EmbedInNavigationView.swift in Sources */,
				925325E627E486E3005FD5EA /* Toolbar.swift in Sources */,
				92EF3A5F27E23168003A3D0C /* ComponentModel.swift in Sources */,
				92FE637427DFC5FC00C8DC50 /* DashboardVM.swift in Sources */,
			);
			runOnlyForDeploymentPostprocessing = 0;
		};
		92FE635127DFB4EF00C8DC50 /* Sources */ = {
			isa = PBXSourcesBuildPhase;
			buildActionMask = 2147483647;
			files = (
				92FF16A827E12B1800CFDD05 /* TableValue.swift in Sources */,
				92FE638027DFCB9300C8DC50 /* WeekData.swift in Sources */,
				92FE636E27DFC07500C8DC50 /* MainButtonStyle.swift in Sources */,
				923A418D27E3482D006A52E4 /* BedViewData.swift in Sources */,
				92FF16A427E1255200CFDD05 /* ResultTableView.swift in Sources */,
				92FE637D27DFC76D00C8DC50 /* ComponentViewData.swift in Sources */,
				92E46F3D27E2989400F362AE /* GetBedMRPRequest.swift in Sources */,
				92FF169E27E124C900CFDD05 /* TableItem.swift in Sources */,
				92EF3A6527E23252003A3D0C /* APIService.swift in Sources */,
				92E46F4327E29FE400F362AE /* URLRequest+Ext.swift in Sources */,
				92FE635B27DFB4EF00C8DC50 /* ComponentsView.swift in Sources */,
				92EF3A6827E2328F003A3D0C /* BedMRPService.swift in Sources */,
				92FE636827DFB92C00C8DC50 /* DashboardView.swift in Sources */,
				92FE635927DFB4EF00C8DC50 /* MRPProjectApp.swift in Sources */,
				92FE636B27DFBB5000C8DC50 /* TextInput.swift in Sources */,
				92FE638427DFCE1D00C8DC50 /* View+Ext.swift in Sources */,
				92FF169827E123EF00CFDD05 /* CellView.swift in Sources */,
				92E46F4627E2A01600F362AE /* APIServiceProtocol.swift in Sources */,
				92E46F4027E29FC800F362AE /* Encodable+Ext.swift in Sources */,
				92FF169B27E1249B00CFDD05 /* Table.swift in Sources */,
				92EF3A5A27E23034003A3D0C /* BedMRPModel.swift in Sources */,
				92FE637127DFC1E800C8DC50 /* ResultView.swift in Sources */,
				92EF3A5D27E2314F003A3D0C /* BedModel.swift in Sources */,
				92E46F4A27E2A06400F362AE /* HttpMethod.swift in Sources */,
				9254374B27E2858E001D39F0 /* APIRequest.swift in Sources */,
				92EF3A6027E23168003A3D0C /* ComponentModel.swift in Sources */,
				923A419127E3496A006A52E4 /* ComponentType.swift in Sources */,
				923A418A27E34804006A52E4 /* ComponentsViewData.swift in Sources */,
				92FE637527DFC5FC00C8DC50 /* DashboardVM.swift in Sources */,
			);
			runOnlyForDeploymentPostprocessing = 0;
		};
/* End PBXSourcesBuildPhase section */

/* Begin XCBuildConfiguration section */
		92FE635E27DFB4EF00C8DC50 /* Debug */ = {
			isa = XCBuildConfiguration;
			buildSettings = {
				ALWAYS_SEARCH_USER_PATHS = NO;
				CLANG_ANALYZER_NONNULL = YES;
				CLANG_ANALYZER_NUMBER_OBJECT_CONVERSION = YES_AGGRESSIVE;
				CLANG_CXX_LANGUAGE_STANDARD = "gnu++17";
				CLANG_CXX_LIBRARY = "libc++";
				CLANG_ENABLE_MODULES = YES;
				CLANG_ENABLE_OBJC_ARC = YES;
				CLANG_ENABLE_OBJC_WEAK = YES;
				CLANG_WARN_BLOCK_CAPTURE_AUTORELEASING = YES;
				CLANG_WARN_BOOL_CONVERSION = YES;
				CLANG_WARN_COMMA = YES;
				CLANG_WARN_CONSTANT_CONVERSION = YES;
				CLANG_WARN_DEPRECATED_OBJC_IMPLEMENTATIONS = YES;
				CLANG_WARN_DIRECT_OBJC_ISA_USAGE = YES_ERROR;
				CLANG_WARN_DOCUMENTATION_COMMENTS = YES;
				CLANG_WARN_EMPTY_BODY = YES;
				CLANG_WARN_ENUM_CONVERSION = YES;
				CLANG_WARN_INFINITE_RECURSION = YES;
				CLANG_WARN_INT_CONVERSION = YES;
				CLANG_WARN_NON_LITERAL_NULL_CONVERSION = YES;
				CLANG_WARN_OBJC_IMPLICIT_RETAIN_SELF = YES;
				CLANG_WARN_OBJC_LITERAL_CONVERSION = YES;
				CLANG_WARN_OBJC_ROOT_CLASS = YES_ERROR;
				CLANG_WARN_QUOTED_INCLUDE_IN_FRAMEWORK_HEADER = YES;
				CLANG_WARN_RANGE_LOOP_ANALYSIS = YES;
				CLANG_WARN_STRICT_PROTOTYPES = YES;
				CLANG_WARN_SUSPICIOUS_MOVE = YES;
				CLANG_WARN_UNGUARDED_AVAILABILITY = YES_AGGRESSIVE;
				CLANG_WARN_UNREACHABLE_CODE = YES;
				CLANG_WARN__DUPLICATE_METHOD_MATCH = YES;
				COPY_PHASE_STRIP = NO;
				DEBUG_INFORMATION_FORMAT = dwarf;
				ENABLE_STRICT_OBJC_MSGSEND = YES;
				ENABLE_TESTABILITY = YES;
				GCC_C_LANGUAGE_STANDARD = gnu11;
				GCC_DYNAMIC_NO_PIC = NO;
				GCC_NO_COMMON_BLOCKS = YES;
				GCC_OPTIMIZATION_LEVEL = 0;
				GCC_PREPROCESSOR_DEFINITIONS = (
					"DEBUG=1",
					"$(inherited)",
				);
				GCC_WARN_64_TO_32_BIT_CONVERSION = YES;
				GCC_WARN_ABOUT_RETURN_TYPE = YES_ERROR;
				GCC_WARN_UNDECLARED_SELECTOR = YES;
				GCC_WARN_UNINITIALIZED_AUTOS = YES_AGGRESSIVE;
				GCC_WARN_UNUSED_FUNCTION = YES;
				GCC_WARN_UNUSED_VARIABLE = YES;
				MTL_ENABLE_DEBUG_INFO = INCLUDE_SOURCE;
				MTL_FAST_MATH = YES;
				ONLY_ACTIVE_ARCH = YES;
				SWIFT_ACTIVE_COMPILATION_CONDITIONS = DEBUG;
				SWIFT_OPTIMIZATION_LEVEL = "-Onone";
			};
			name = Debug;
		};
		92FE635F27DFB4EF00C8DC50 /* Release */ = {
			isa = XCBuildConfiguration;
			buildSettings = {
				ALWAYS_SEARCH_USER_PATHS = NO;
				CLANG_ANALYZER_NONNULL = YES;
				CLANG_ANALYZER_NUMBER_OBJECT_CONVERSION = YES_AGGRESSIVE;
				CLANG_CXX_LANGUAGE_STANDARD = "gnu++17";
				CLANG_CXX_LIBRARY = "libc++";
				CLANG_ENABLE_MODULES = YES;
				CLANG_ENABLE_OBJC_ARC = YES;
				CLANG_ENABLE_OBJC_WEAK = YES;
				CLANG_WARN_BLOCK_CAPTURE_AUTORELEASING = YES;
				CLANG_WARN_BOOL_CONVERSION = YES;
				CLANG_WARN_COMMA = YES;
				CLANG_WARN_CONSTANT_CONVERSION = YES;
				CLANG_WARN_DEPRECATED_OBJC_IMPLEMENTATIONS = YES;
				CLANG_WARN_DIRECT_OBJC_ISA_USAGE = YES_ERROR;
				CLANG_WARN_DOCUMENTATION_COMMENTS = YES;
				CLANG_WARN_EMPTY_BODY = YES;
				CLANG_WARN_ENUM_CONVERSION = YES;
				CLANG_WARN_INFINITE_RECURSION = YES;
				CLANG_WARN_INT_CONVERSION = YES;
				CLANG_WARN_NON_LITERAL_NULL_CONVERSION = YES;
				CLANG_WARN_OBJC_IMPLICIT_RETAIN_SELF = YES;
				CLANG_WARN_OBJC_LITERAL_CONVERSION = YES;
				CLANG_WARN_OBJC_ROOT_CLASS = YES_ERROR;
				CLANG_WARN_QUOTED_INCLUDE_IN_FRAMEWORK_HEADER = YES;
				CLANG_WARN_RANGE_LOOP_ANALYSIS = YES;
				CLANG_WARN_STRICT_PROTOTYPES = YES;
				CLANG_WARN_SUSPICIOUS_MOVE = YES;
				CLANG_WARN_UNGUARDED_AVAILABILITY = YES_AGGRESSIVE;
				CLANG_WARN_UNREACHABLE_CODE = YES;
				CLANG_WARN__DUPLICATE_METHOD_MATCH = YES;
				COPY_PHASE_STRIP = NO;
				DEBUG_INFORMATION_FORMAT = "dwarf-with-dsym";
				ENABLE_NS_ASSERTIONS = NO;
				ENABLE_STRICT_OBJC_MSGSEND = YES;
				GCC_C_LANGUAGE_STANDARD = gnu11;
				GCC_NO_COMMON_BLOCKS = YES;
				GCC_WARN_64_TO_32_BIT_CONVERSION = YES;
				GCC_WARN_ABOUT_RETURN_TYPE = YES_ERROR;
				GCC_WARN_UNDECLARED_SELECTOR = YES;
				GCC_WARN_UNINITIALIZED_AUTOS = YES_AGGRESSIVE;
				GCC_WARN_UNUSED_FUNCTION = YES;
				GCC_WARN_UNUSED_VARIABLE = YES;
				MTL_ENABLE_DEBUG_INFO = NO;
				MTL_FAST_MATH = YES;
				SWIFT_COMPILATION_MODE = wholemodule;
				SWIFT_OPTIMIZATION_LEVEL = "-O";
			};
			name = Release;
		};
		92FE636127DFB4EF00C8DC50 /* Debug */ = {
			isa = XCBuildConfiguration;
			buildSettings = {
				ASSETCATALOG_COMPILER_APPICON_NAME = AppIcon;
				ASSETCATALOG_COMPILER_GLOBAL_ACCENT_COLOR_NAME = AccentColor;
				CODE_SIGN_STYLE = Automatic;
				CURRENT_PROJECT_VERSION = 1;
				DEVELOPMENT_TEAM = CV69B5J93R;
				ENABLE_PREVIEWS = YES;
				GENERATE_INFOPLIST_FILE = YES;
				INFOPLIST_KEY_UIApplicationSceneManifest_Generation = YES;
				INFOPLIST_KEY_UIApplicationSupportsIndirectInputEvents = YES;
				INFOPLIST_KEY_UILaunchScreen_Generation = YES;
				INFOPLIST_KEY_UISupportedInterfaceOrientations_iPad = "UIInterfaceOrientationPortrait UIInterfaceOrientationPortraitUpsideDown UIInterfaceOrientationLandscapeLeft UIInterfaceOrientationLandscapeRight";
				INFOPLIST_KEY_UISupportedInterfaceOrientations_iPhone = "UIInterfaceOrientationPortrait UIInterfaceOrientationLandscapeLeft UIInterfaceOrientationLandscapeRight";
				IPHONEOS_DEPLOYMENT_TARGET = 15.0;
				LD_RUNPATH_SEARCH_PATHS = (
					"$(inherited)",
					"@executable_path/Frameworks",
				);
				MARKETING_VERSION = 1.0;
				PRODUCT_BUNDLE_IDENTIFIER = com.MRP.MRPProject;
				PRODUCT_NAME = MRPProject;
				SDKROOT = iphoneos;
				SWIFT_EMIT_LOC_STRINGS = YES;
				SWIFT_VERSION = 5.0;
				TARGETED_DEVICE_FAMILY = "1,2";
			};
			name = Debug;
		};
		92FE636227DFB4EF00C8DC50 /* Release */ = {
			isa = XCBuildConfiguration;
			buildSettings = {
				ASSETCATALOG_COMPILER_APPICON_NAME = AppIcon;
				ASSETCATALOG_COMPILER_GLOBAL_ACCENT_COLOR_NAME = AccentColor;
				CODE_SIGN_STYLE = Automatic;
				CURRENT_PROJECT_VERSION = 1;
				DEVELOPMENT_TEAM = CV69B5J93R;
				ENABLE_PREVIEWS = YES;
				GENERATE_INFOPLIST_FILE = YES;
				INFOPLIST_KEY_UIApplicationSceneManifest_Generation = YES;
				INFOPLIST_KEY_UIApplicationSupportsIndirectInputEvents = YES;
				INFOPLIST_KEY_UILaunchScreen_Generation = YES;
				INFOPLIST_KEY_UISupportedInterfaceOrientations_iPad = "UIInterfaceOrientationPortrait UIInterfaceOrientationPortraitUpsideDown UIInterfaceOrientationLandscapeLeft UIInterfaceOrientationLandscapeRight";
				INFOPLIST_KEY_UISupportedInterfaceOrientations_iPhone = "UIInterfaceOrientationPortrait UIInterfaceOrientationLandscapeLeft UIInterfaceOrientationLandscapeRight";
				IPHONEOS_DEPLOYMENT_TARGET = 15.0;
				LD_RUNPATH_SEARCH_PATHS = (
					"$(inherited)",
					"@executable_path/Frameworks",
				);
				MARKETING_VERSION = 1.0;
				PRODUCT_BUNDLE_IDENTIFIER = com.MRP.MRPProject;
				PRODUCT_NAME = MRPProject;
				SDKROOT = iphoneos;
				SWIFT_EMIT_LOC_STRINGS = YES;
				SWIFT_VERSION = 5.0;
				TARGETED_DEVICE_FAMILY = "1,2";
				VALIDATE_PRODUCT = YES;
			};
			name = Release;
		};
		92FE636427DFB4EF00C8DC50 /* Debug */ = {
			isa = XCBuildConfiguration;
			buildSettings = {
				ASSETCATALOG_COMPILER_APPICON_NAME = AppIcon;
				ASSETCATALOG_COMPILER_GLOBAL_ACCENT_COLOR_NAME = AccentColor;
				CODE_SIGN_ENTITLEMENTS = macOS/macOS.entitlements;
				CODE_SIGN_STYLE = Automatic;
				COMBINE_HIDPI_IMAGES = YES;
				CURRENT_PROJECT_VERSION = 1;
				DEVELOPMENT_TEAM = CV69B5J93R;
				ENABLE_HARDENED_RUNTIME = YES;
				ENABLE_PREVIEWS = YES;
				GENERATE_INFOPLIST_FILE = YES;
				INFOPLIST_KEY_NSHumanReadableCopyright = "";
				LD_RUNPATH_SEARCH_PATHS = (
					"$(inherited)",
					"@executable_path/../Frameworks",
				);
				MACOSX_DEPLOYMENT_TARGET = 12.1;
				MARKETING_VERSION = 1.0;
				PRODUCT_BUNDLE_IDENTIFIER = com.MRP.MRPProject;
				PRODUCT_NAME = MRPProject;
				SDKROOT = macosx;
				SWIFT_EMIT_LOC_STRINGS = YES;
				SWIFT_VERSION = 5.0;
			};
			name = Debug;
		};
		92FE636527DFB4EF00C8DC50 /* Release */ = {
			isa = XCBuildConfiguration;
			buildSettings = {
				ASSETCATALOG_COMPILER_APPICON_NAME = AppIcon;
				ASSETCATALOG_COMPILER_GLOBAL_ACCENT_COLOR_NAME = AccentColor;
				CODE_SIGN_ENTITLEMENTS = macOS/macOS.entitlements;
				CODE_SIGN_STYLE = Automatic;
				COMBINE_HIDPI_IMAGES = YES;
				CURRENT_PROJECT_VERSION = 1;
				DEVELOPMENT_TEAM = CV69B5J93R;
				ENABLE_HARDENED_RUNTIME = YES;
				ENABLE_PREVIEWS = YES;
				GENERATE_INFOPLIST_FILE = YES;
				INFOPLIST_KEY_NSHumanReadableCopyright = "";
				LD_RUNPATH_SEARCH_PATHS = (
					"$(inherited)",
					"@executable_path/../Frameworks",
				);
				MACOSX_DEPLOYMENT_TARGET = 12.1;
				MARKETING_VERSION = 1.0;
				PRODUCT_BUNDLE_IDENTIFIER = com.MRP.MRPProject;
				PRODUCT_NAME = MRPProject;
				SDKROOT = macosx;
				SWIFT_EMIT_LOC_STRINGS = YES;
				SWIFT_VERSION = 5.0;
			};
			name = Release;
		};
/* End XCBuildConfiguration section */

/* Begin XCConfigurationList section */
		92FE634627DFB4EF00C8DC50 /* Build configuration list for PBXProject "MRPProject" */ = {
			isa = XCConfigurationList;
			buildConfigurations = (
				92FE635E27DFB4EF00C8DC50 /* Debug */,
				92FE635F27DFB4EF00C8DC50 /* Release */,
			);
			defaultConfigurationIsVisible = 0;
			defaultConfigurationName = Release;
		};
		92FE636027DFB4EF00C8DC50 /* Build configuration list for PBXNativeTarget "MRPProject (iOS)" */ = {
			isa = XCConfigurationList;
			buildConfigurations = (
				92FE636127DFB4EF00C8DC50 /* Debug */,
				92FE636227DFB4EF00C8DC50 /* Release */,
			);
			defaultConfigurationIsVisible = 0;
			defaultConfigurationName = Release;
		};
		92FE636327DFB4EF00C8DC50 /* Build configuration list for PBXNativeTarget "MRPProject (macOS)" */ = {
			isa = XCConfigurationList;
			buildConfigurations = (
				92FE636427DFB4EF00C8DC50 /* Debug */,
				92FE636527DFB4EF00C8DC50 /* Release */,
			);
			defaultConfigurationIsVisible = 0;
			defaultConfigurationName = Release;
		};
/* End XCConfigurationList section */
	};
	rootObject = 92FE634327DFB4EF00C8DC50 /* Project object */;
}
